
Microsoft Visual Studio Solution File, Format Version 12.00
# Visual Studio Version 16
VisualStudioVersion = 16.0.30406.217
MinimumVisualStudioVersion = 10.0.40219.1
Project("{9A19103F-16F7-4668-BE54-9A1E7A4F7556}") = "Epos", "Epos\Epos.csproj", "{033AB1DD-600B-4462-B047-52A808C3693E}"
EndProject
Global
	GlobalSection(SolutionConfigurationPlatforms) = preSolution
		Debug|Any CPU = Debug|Any CPU
		Release|Any CPU = Release|Any CPU
	EndGlobalSection
	GlobalSection(ProjectConfigurationPlatforms) = postSolution
		{033AB1DD-600B-4462-B047-52A808C3693E}.Debug|Any CPU.ActiveCfg = Debug|Any CPU
		{033AB1DD-600B-4462-B047-52A808C3693E}.Debug|Any CPU.Build.0 = Debug|Any CPU
		{033AB1DD-600B-4462-B047-52A808C3693E}.Release|Any CPU.ActiveCfg = Release|Any CPU
		{033AB1DD-600B-4462-B047-52A808C3693E}.Release|Any CPU.Build.0 = Release|Any CPU
	EndGlobalSection
	GlobalSection(SolutionProperties) = preSolution
		HideSolutionNode = FALSE
	EndGlobalSection
	GlobalSection(ExtensibilityGlobals) = postSolution
		SolutionGuid = {ACD15A94-BE3A-41AA-9571-038E2D3A7BEB}
	EndGlobalSection
EndGlobal
